
Microsoft Visual Studio Solution File, Format Version 12.00
# Visual Studio Version 16
VisualStudioVersion = 16.0.31229.75
MinimumVisualStudioVersion = 10.0.40219.1
Project("{FAE04EC0-301F-11D3-BF4B-00C04F79EFBC}") = "Json2ExcelAndXml", "Json2ExcelAndXml\Json2ExcelAndXml.csproj", "{7CB7F1B1-BB26-4510-95D6-0262C2D91B4D}"
EndProject
Global
	GlobalSection(SolutionConfigurationPlatforms) = preSolution
		Debug|Any CPU = Debug|Any CPU
		Release|Any CPU = Release|Any CPU
	EndGlobalSection
	GlobalSection(ProjectConfigurationPlatforms) = postSolution
		{7CB7F1B1-BB26-4510-95D6-0262C2D91B4D}.Debug|Any CPU.ActiveCfg = Debug|Any CPU
		{7CB7F1B1-BB26-4510-95D6-0262C2D91B4D}.Debug|Any CPU.Build.0 = Debug|Any CPU
		{7CB7F1B1-BB26-4510-95D6-0262C2D91B4D}.Release|Any CPU.ActiveCfg = Release|Any CPU
		{7CB7F1B1-BB26-4510-95D6-0262C2D91B4D}.Release|Any CPU.Build.0 = Release|Any CPU
	EndGlobalSection
	GlobalSection(SolutionProperties) = preSolution
		HideSolutionNode = FALSE
	EndGlobalSection
	GlobalSection(ExtensibilityGlobals) = postSolution
		SolutionGuid = {C9FF0E38-9CDD-488E-B243-65AA2E6A5AF3}
	EndGlobalSection
EndGlobal
